// !$*UTF8*$!
{
	archiveVersion = 1;
	classes = {
	};
	objectVersion = 56;
	objects = {

/* Begin PBXBuildFile section */
		778B8B2B292D0C2800C291CA /* EmojiTheme.swift in Sources */ = {isa = PBXBuildFile; fileRef = 778B8B2A292D0C2800C291CA /* EmojiTheme.swift */; };
		778B8B2F292D0C7300C291CA /* ThemeEditorView.swift in Sources */ = {isa = PBXBuildFile; fileRef = 778B8B2E292D0C7300C291CA /* ThemeEditorView.swift */; };
		778B8B34292D248A00C291CA /* Extentions.swift in Sources */ = {isa = PBXBuildFile; fileRef = 778B8B33292D248A00C291CA /* Extentions.swift */; };
		778B8B36292E083200C291CA /* ThemeStoreView.swift in Sources */ = {isa = PBXBuildFile; fileRef = 778B8B35292E083200C291CA /* ThemeStoreView.swift */; };
		779D8B7A29192A1800AA2B8D /* MemorizeApp.swift in Sources */ = {isa = PBXBuildFile; fileRef = 779D8B7929192A1800AA2B8D /* MemorizeApp.swift */; };
		779D8B7C29192A1800AA2B8D /* CardsGameView.swift in Sources */ = {isa = PBXBuildFile; fileRef = 779D8B7B29192A1800AA2B8D /* CardsGameView.swift */; };
		779D8B7E29192A1A00AA2B8D /* Assets.xcassets in Resources */ = {isa = PBXBuildFile; fileRef = 779D8B7D29192A1A00AA2B8D /* Assets.xcassets */; };
		779D8B8129192A1A00AA2B8D /* Preview Assets.xcassets in Resources */ = {isa = PBXBuildFile; fileRef = 779D8B8029192A1A00AA2B8D /* Preview Assets.xcassets */; };
		779D8B8A291BE50D00AA2B8D /* MemoryGame.swift in Sources */ = {isa = PBXBuildFile; fileRef = 779D8B89291BE50D00AA2B8D /* MemoryGame.swift */; };
		779D8B8C291BE97F00AA2B8D /* EmojiMemoryGame.swift in Sources */ = {isa = PBXBuildFile; fileRef = 779D8B8B291BE97F00AA2B8D /* EmojiMemoryGame.swift */; };
/* End PBXBuildFile section */

/* Begin PBXFileReference section */
		778B8B2A292D0C2800C291CA /* EmojiTheme.swift */ = {isa = PBXFileReference; lastKnownFileType = sourcecode.swift; path = EmojiTheme.swift; sourceTree = "<group>"; };
		778B8B2E292D0C7300C291CA /* ThemeEditorView.swift */ = {isa = PBXFileReference; lastKnownFileType = sourcecode.swift; path = ThemeEditorView.swift; sourceTree = "<group>"; };
		778B8B33292D248A00C291CA /* Extentions.swift */ = {isa = PBXFileReference; lastKnownFileType = sourcecode.swift; path = Extentions.swift; sourceTree = "<group>"; };
		778B8B35292E083200C291CA /* ThemeStoreView.swift */ = {isa = PBXFileReference; lastKnownFileType = sourcecode.swift; path = ThemeStoreView.swift; sourceTree = "<group>"; };
		779D8B7629192A1800AA2B8D /* Memorize.app */ = {isa = PBXFileReference; explicitFileType = wrapper.application; includeInIndex = 0; path = Memorize.app; sourceTree = BUILT_PRODUCTS_DIR; };
		779D8B7929192A1800AA2B8D /* MemorizeApp.swift */ = {isa = PBXFileReference; lastKnownFileType = sourcecode.swift; path = MemorizeApp.swift; sourceTree = "<group>"; };
		779D8B7B29192A1800AA2B8D /* CardsGameView.swift */ = {isa = PBXFileReference; lastKnownFileType = sourcecode.swift; path = CardsGameView.swift; sourceTree = "<group>"; };
		779D8B7D29192A1A00AA2B8D /* Assets.xcassets */ = {isa = PBXFileReference; lastKnownFileType = folder.assetcatalog; path = Assets.xcassets; sourceTree = "<group>"; };
		779D8B8029192A1A00AA2B8D /* Preview Assets.xcassets */ = {isa = PBXFileReference; lastKnownFileType = folder.assetcatalog; path = "Preview Assets.xcassets"; sourceTree = "<group>"; };
		779D8B89291BE50D00AA2B8D /* MemoryGame.swift */ = {isa = PBXFileReference; lastKnownFileType = sourcecode.swift; path = MemoryGame.swift; sourceTree = "<group>"; };
		779D8B8B291BE97F00AA2B8D /* EmojiMemoryGame.swift */ = {isa = PBXFileReference; lastKnownFileType = sourcecode.swift; path = EmojiMemoryGame.swift; sourceTree = "<group>"; };
/* End PBXFileReference section */

/* Begin PBXFrameworksBuildPhase section */
		779D8B7329192A1800AA2B8D /* Frameworks */ = {
			isa = PBXFrameworksBuildPhase;
			buildActionMask = 2147483647;
			files = (
			);
			runOnlyForDeploymentPostprocessing = 0;
		};
/* End PBXFrameworksBuildPhase section */

/* Begin PBXGroup section */
		778B8B30292D0C9000C291CA /* Views */ = {
			isa = PBXGroup;
			children = (
				779D8B7B29192A1800AA2B8D /* CardsGameView.swift */,
				778B8B2E292D0C7300C291CA /* ThemeEditorView.swift */,
				778B8B35292E083200C291CA /* ThemeStoreView.swift */,
			);
			path = Views;
			sourceTree = "<group>";
		};
		778B8B31292D0CC800C291CA /* Model */ = {
			isa = PBXGroup;
			children = (
				779D8B89291BE50D00AA2B8D /* MemoryGame.swift */,
				778B8B2A292D0C2800C291CA /* EmojiTheme.swift */,
			);
			path = Model;
			sourceTree = "<group>";
		};
		778B8B32292D247800C291CA /* Utility */ = {
			isa = PBXGroup;
			children = (
				778B8B33292D248A00C291CA /* Extentions.swift */,
			);
			path = Utility;
			sourceTree = "<group>";
		};
		779D8B6D29192A1800AA2B8D = {
			isa = PBXGroup;
			children = (
				779D8B7829192A1800AA2B8D /* Memorize */,
				779D8B7729192A1800AA2B8D /* Products */,
			);
			sourceTree = "<group>";
		};
		779D8B7729192A1800AA2B8D /* Products */ = {
			isa = PBXGroup;
			children = (
				779D8B7629192A1800AA2B8D /* Memorize.app */,
			);
			name = Products;
			sourceTree = "<group>";
		};
		779D8B7829192A1800AA2B8D /* Memorize */ = {
			isa = PBXGroup;
			children = (
				778B8B32292D247800C291CA /* Utility */,
				778B8B31292D0CC800C291CA /* Model */,
				778B8B30292D0C9000C291CA /* Views */,
				779D8B7929192A1800AA2B8D /* MemorizeApp.swift */,
				779D8B8B291BE97F00AA2B8D /* EmojiMemoryGame.swift */,
				779D8B7D29192A1A00AA2B8D /* Assets.xcassets */,
				779D8B7F29192A1A00AA2B8D /* Preview Content */,
			);
			path = Memorize;
			sourceTree = "<group>";
		};
		779D8B7F29192A1A00AA2B8D /* Preview Content */ = {
			isa = PBXGroup;
			children = (
				779D8B8029192A1A00AA2B8D /* Preview Assets.xcassets */,
			);
			path = "Preview Content";
			sourceTree = "<group>";
		};
/* End PBXGroup section */

/* Begin PBXNativeTarget section */
		779D8B7529192A1800AA2B8D /* Memorize */ = {
			isa = PBXNativeTarget;
			buildConfigurationList = 779D8B8429192A1A00AA2B8D /* Build configuration list for PBXNativeTarget "Memorize" */;
			buildPhases = (
				779D8B7229192A1800AA2B8D /* Sources */,
				779D8B7329192A1800AA2B8D /* Frameworks */,
				779D8B7429192A1800AA2B8D /* Resources */,
			);
			buildRules = (
			);
			dependencies = (
			);
			name = Memorize;
			productName = Memorize;
			productReference = 779D8B7629192A1800AA2B8D /* Memorize.app */;
			productType = "com.apple.product-type.application";
		};
/* End PBXNativeTarget section */

/* Begin PBXProject section */
		779D8B6E29192A1800AA2B8D /* Project object */ = {
			isa = PBXProject;
			attributes = {
				BuildIndependentTargetsInParallel = 1;
				LastSwiftUpdateCheck = 1400;
				LastUpgradeCheck = 1400;
				TargetAttributes = {
					779D8B7529192A1800AA2B8D = {
						CreatedOnToolsVersion = 14.0;
					};
				};
			};
			buildConfigurationList = 779D8B7129192A1800AA2B8D /* Build configuration list for PBXProject "Memorize" */;
			compatibilityVersion = "Xcode 14.0";
			developmentRegion = en;
			hasScannedForEncodings = 0;
			knownRegions = (
				en,
				Base,
			);
			mainGroup = 779D8B6D29192A1800AA2B8D;
			productRefGroup = 779D8B7729192A1800AA2B8D /* Products */;
			projectDirPath = "";
			projectRoot = "";
			targets = (
				779D8B7529192A1800AA2B8D /* Memorize */,
			);
		};
/* End PBXProject section */

/* Begin PBXResourcesBuildPhase section */
		779D8B7429192A1800AA2B8D /* Resources */ = {
			isa = PBXResourcesBuildPhase;
			buildActionMask = 2147483647;
			files = (
				779D8B8129192A1A00AA2B8D /* Preview Assets.xcassets in Resources */,
				779D8B7E29192A1A00AA2B8D /* Assets.xcassets in Resources */,
			);
			runOnlyForDeploymentPostprocessing = 0;
		};
/* End PBXResourcesBuildPhase section */

/* Begin PBXSourcesBuildPhase section */
		779D8B7229192A1800AA2B8D /* Sources */ = {
			isa = PBXSourcesBuildPhase;
			buildActionMask = 2147483647;
			files = (
				778B8B36292E083200C291CA /* ThemeStoreView.swift in Sources */,
				778B8B2B292D0C2800C291CA /* EmojiTheme.swift in Sources */,
				779D8B8A291BE50D00AA2B8D /* MemoryGame.swift in Sources */,
				779D8B8C291BE97F00AA2B8D /* EmojiMemoryGame.swift in Sources */,
				778B8B34292D248A00C291CA /* Extentions.swift in Sources */,
				779D8B7C29192A1800AA2B8D /* CardsGameView.swift in Sources */,
				778B8B2F292D0C7300C291CA /* ThemeEditorView.swift in Sources */,
				779D8B7A29192A1800AA2B8D /* MemorizeApp.swift in Sources */,
			);
			runOnlyForDeploymentPostprocessing = 0;
		};
/* End PBXSourcesBuildPhase section */

/* Begin XCBuildConfiguration section */
		779D8B8229192A1A00AA2B8D /* Debug */ = {
			isa = XCBuildConfiguration;
			buildSettings = {
				ALWAYS_SEARCH_USER_PATHS = NO;
				CLANG_ANALYZER_NONNULL = YES;
				CLANG_ANALYZER_NUMBER_OBJECT_CONVERSION = YES_AGGRESSIVE;
				CLANG_CXX_LANGUAGE_STANDARD = "gnu++20";
				CLANG_ENABLE_MODULES = YES;
				CLANG_ENABLE_OBJC_ARC = YES;
				CLANG_ENABLE_OBJC_WEAK = YES;
				CLANG_WARN_BLOCK_CAPTURE_AUTORELEASING = YES;
				CLANG_WARN_BOOL_CONVERSION = YES;
				CLANG_WARN_COMMA = YES;
				CLANG_WARN_CONSTANT_CONVERSION = YES;
				CLANG_WARN_DEPRECATED_OBJC_IMPLEMENTATIONS = YES;
				CLANG_WARN_DIRECT_OBJC_ISA_USAGE = YES_ERROR;
				CLANG_WARN_DOCUMENTATION_COMMENTS = YES;
				CLANG_WARN_EMPTY_BODY = YES;
				CLANG_WARN_ENUM_CONVERSION = YES;
				CLANG_WARN_INFINITE_RECURSION = YES;
				CLANG_WARN_INT_CONVERSION = YES;
				CLANG_WARN_NON_LITERAL_NULL_CONVERSION = YES;
				CLANG_WARN_OBJC_IMPLICIT_RETAIN_SELF = YES;
				CLANG_WARN_OBJC_LITERAL_CONVERSION = YES;
				CLANG_WARN_OBJC_ROOT_CLASS = YES_ERROR;
				CLANG_WARN_QUOTED_INCLUDE_IN_FRAMEWORK_HEADER = YES;
				CLANG_WARN_RANGE_LOOP_ANALYSIS = YES;
				CLANG_WARN_STRICT_PROTOTYPES = YES;
				CLANG_WARN_SUSPICIOUS_MOVE = YES;
				CLANG_WARN_UNGUARDED_AVAILABILITY = YES_AGGRESSIVE;
				CLANG_WARN_UNREACHABLE_CODE = YES;
				CLANG_WARN__DUPLICATE_METHOD_MATCH = YES;
				COPY_PHASE_STRIP = NO;
				DEBUG_INFORMATION_FORMAT = dwarf;
				ENABLE_STRICT_OBJC_MSGSEND = YES;
				ENABLE_TESTABILITY = YES;
				GCC_C_LANGUAGE_STANDARD = gnu11;
				GCC_DYNAMIC_NO_PIC = NO;
				GCC_NO_COMMON_BLOCKS = YES;
				GCC_OPTIMIZATION_LEVEL = 0;
				GCC_PREPROCESSOR_DEFINITIONS = (
					"DEBUG=1",
					"$(inherited)",
				);
				GCC_WARN_64_TO_32_BIT_CONVERSION = YES;
				GCC_WARN_ABOUT_RETURN_TYPE = YES_ERROR;
				GCC_WARN_UNDECLARED_SELECTOR = YES;
				GCC_WARN_UNINITIALIZED_AUTOS = YES_AGGRESSIVE;
				GCC_WARN_UNUSED_FUNCTION = YES;
				GCC_WARN_UNUSED_VARIABLE = YES;
				IPHONEOS_DEPLOYMENT_TARGET = " ";
				MTL_ENABLE_DEBUG_INFO = INCLUDE_SOURCE;
				MTL_FAST_MATH = YES;
				ONLY_ACTIVE_ARCH = YES;
				SDKROOT = iphoneos;
				SWIFT_ACTIVE_COMPILATION_CONDITIONS = DEBUG;
				SWIFT_OPTIMIZATION_LEVEL = "-Onone";
			};
			name = Debug;
		};
		779D8B8329192A1A00AA2B8D /* Release */ = {
			isa = XCBuildConfiguration;
			buildSettings = {
				ALWAYS_SEARCH_USER_PATHS = NO;
				CLANG_ANALYZER_NONNULL = YES;
				CLANG_ANALYZER_NUMBER_OBJECT_CONVERSION = YES_AGGRESSIVE;
				CLANG_CXX_LANGUAGE_STANDARD = "gnu++20";
				CLANG_ENABLE_MODULES = YES;
				CLANG_ENABLE_OBJC_ARC = YES;
				CLANG_ENABLE_OBJC_WEAK = YES;
				CLANG_WARN_BLOCK_CAPTURE_AUTORELEASING = YES;
				CLANG_WARN_BOOL_CONVERSION = YES;
				CLANG_WARN_COMMA = YES;
				CLANG_WARN_CONSTANT_CONVERSION = YES;
				CLANG_WARN_DEPRECATED_OBJC_IMPLEMENTATIONS = YES;
				CLANG_WARN_DIRECT_OBJC_ISA_USAGE = YES_ERROR;
				CLANG_WARN_DOCUMENTATION_COMMENTS = YES;
				CLANG_WARN_EMPTY_BODY = YES;
				CLANG_WARN_ENUM_CONVERSION = YES;
				CLANG_WARN_INFINITE_RECURSION = YES;
				CLANG_WARN_INT_CONVERSION = YES;
				CLANG_WARN_NON_LITERAL_NULL_CONVERSION = YES;
				CLANG_WARN_OBJC_IMPLICIT_RETAIN_SELF = YES;
				CLANG_WARN_OBJC_LITERAL_CONVERSION = YES;
				CLANG_WARN_OBJC_ROOT_CLASS = YES_ERROR;
				CLANG_WARN_QUOTED_INCLUDE_IN_FRAMEWORK_HEADER = YES;
				CLANG_WARN_RANGE_LOOP_ANALYSIS = YES;
				CLANG_WARN_STRICT_PROTOTYPES = YES;
				CLANG_WARN_SUSPICIOUS_MOVE = YES;
				CLANG_WARN_UNGUARDED_AVAILABILITY = YES_AGGRESSIVE;
				CLANG_WARN_UNREACHABLE_CODE = YES;
				CLANG_WARN__DUPLICATE_METHOD_MATCH = YES;
				COPY_PHASE_STRIP = NO;
				DEBUG_INFORMATION_FORMAT = "dwarf-with-dsym";
				ENABLE_NS_ASSERTIONS = NO;
				ENABLE_STRICT_OBJC_MSGSEND = YES;
				GCC_C_LANGUAGE_STANDARD = gnu11;
				GCC_NO_COMMON_BLOCKS = YES;
				GCC_WARN_64_TO_32_BIT_CONVERSION = YES;
				GCC_WARN_ABOUT_RETURN_TYPE = YES_ERROR;
				GCC_WARN_UNDECLARED_SELECTOR = YES;
				GCC_WARN_UNINITIALIZED_AUTOS = YES_AGGRESSIVE;
				GCC_WARN_UNUSED_FUNCTION = YES;
				GCC_WARN_UNUSED_VARIABLE = YES;
				IPHONEOS_DEPLOYMENT_TARGET = " ";
				MTL_ENABLE_DEBUG_INFO = NO;
				MTL_FAST_MATH = YES;
				SDKROOT = iphoneos;
				SWIFT_COMPILATION_MODE = wholemodule;
				SWIFT_OPTIMIZATION_LEVEL = "-O";
				VALIDATE_PRODUCT = YES;
			};
			name = Release;
		};
		779D8B8529192A1A00AA2B8D /* Debug */ = {
			isa = XCBuildConfiguration;
			buildSettings = {
				ASSETCATALOG_COMPILER_APPICON_NAME = AppIcon;
				ASSETCATALOG_COMPILER_GLOBAL_ACCENT_COLOR_NAME = AccentColor;
				CODE_SIGN_STYLE = Automatic;
				CURRENT_PROJECT_VERSION = 1;
				DEVELOPMENT_ASSET_PATHS = "\"Memorize/Preview Content\"";
				DEVELOPMENT_TEAM = 7RDF3FUM2F;
				ENABLE_PREVIEWS = YES;
				GENERATE_INFOPLIST_FILE = YES;
				INFOPLIST_KEY_UIApplicationSceneManifest_Generation = YES;
				INFOPLIST_KEY_UIApplicationSupportsIndirectInputEvents = YES;
				INFOPLIST_KEY_UILaunchScreen_Generation = YES;
				INFOPLIST_KEY_UISupportedInterfaceOrientations_iPad = "UIInterfaceOrientationPortrait UIInterfaceOrientationPortraitUpsideDown UIInterfaceOrientationLandscapeLeft UIInterfaceOrientationLandscapeRight";
				INFOPLIST_KEY_UISupportedInterfaceOrientations_iPhone = "UIInterfaceOrientationPortrait UIInterfaceOrientationLandscapeLeft UIInterfaceOrientationLandscapeRight";
				IPHONEOS_DEPLOYMENT_TARGET = 15.0;
				LD_RUNPATH_SEARCH_PATHS = (
					"$(inherited)",
					"@executable_path/Frameworks",
				);
				MARKETING_VERSION = 1.0;
				PRODUCT_BUNDLE_IDENTIFIER = com.leobit.SteamApp.Memorize;
				PRODUCT_NAME = "$(TARGET_NAME)";
				SWIFT_EMIT_LOC_STRINGS = YES;
				SWIFT_VERSION = 5.0;
				TARGETED_DEVICE_FAMILY = "1,2";
			};
			name = Debug;
		};
		779D8B8629192A1A00AA2B8D /* Release */ = {
			isa = XCBuildConfiguration;
			buildSettings = {
				ASSETCATALOG_COMPILER_APPICON_NAME = AppIcon;
				ASSETCATALOG_COMPILER_GLOBAL_ACCENT_COLOR_NAME = AccentColor;
				CODE_SIGN_STYLE = Automatic;
				CURRENT_PROJECT_VERSION = 1;
				DEVELOPMENT_ASSET_PATHS = "\"Memorize/Preview Content\"";
				DEVELOPMENT_TEAM = 7RDF3FUM2F;
				ENABLE_PREVIEWS = YES;
				GENERATE_INFOPLIST_FILE = YES;
				INFOPLIST_KEY_UIApplicationSceneManifest_Generation = YES;
				INFOPLIST_KEY_UIApplicationSupportsIndirectInputEvents = YES;
				INFOPLIST_KEY_UILaunchScreen_Generation = YES;
				INFOPLIST_KEY_UISupportedInterfaceOrientations_iPad = "UIInterfaceOrientationPortrait UIInterfaceOrientationPortraitUpsideDown UIInterfaceOrientationLandscapeLeft UIInterfaceOrientationLandscapeRight";
				INFOPLIST_KEY_UISupportedInterfaceOrientations_iPhone = "UIInterfaceOrientationPortrait UIInterfaceOrientationLandscapeLeft UIInterfaceOrientationLandscapeRight";
				IPHONEOS_DEPLOYMENT_TARGET = 15.0;
				LD_RUNPATH_SEARCH_PATHS = (
					"$(inherited)",
					"@executable_path/Frameworks",
				);
				MARKETING_VERSION = 1.0;
				PRODUCT_BUNDLE_IDENTIFIER = com.leobit.SteamApp.Memorize;
				PRODUCT_NAME = "$(TARGET_NAME)";
				SWIFT_EMIT_LOC_STRINGS = YES;
				SWIFT_VERSION = 5.0;
				TARGETED_DEVICE_FAMILY = "1,2";
			};
			name = Release;
		};
/* End XCBuildConfiguration section */

/* Begin XCConfigurationList section */
		779D8B7129192A1800AA2B8D /* Build configuration list for PBXProject "Memorize" */ = {
			isa = XCConfigurationList;
			buildConfigurations = (
				779D8B8229192A1A00AA2B8D /* Debug */,
				779D8B8329192A1A00AA2B8D /* Release */,
			);
			defaultConfigurationIsVisible = 0;
			defaultConfigurationName = Release;
		};
		779D8B8429192A1A00AA2B8D /* Build configuration list for PBXNativeTarget "Memorize" */ = {
			isa = XCConfigurationList;
			buildConfigurations = (
				779D8B8529192A1A00AA2B8D /* Debug */,
				779D8B8629192A1A00AA2B8D /* Release */,
			);
			defaultConfigurationIsVisible = 0;
			defaultConfigurationName = Release;
		};
/* End XCConfigurationList section */
	};
	rootObject = 779D8B6E29192A1800AA2B8D /* Project object */;
}
